
Microsoft Visual Studio Solution File, Format Version 12.00
# Visual Studio Version 16
VisualStudioVersion = 16.0.31624.102
MinimumVisualStudioVersion = 10.0.40219.1
Project("{FAE04EC0-301F-11D3-BF4B-00C04F79EFBC}") = "BankingSystem", "BankingSystem\BankingSystem.csproj", "{9008869E-814F-4749-BA33-DF139F8A8425}"
EndProject
Global
	GlobalSection(SolutionConfigurationPlatforms) = preSolution
		Debug|Any CPU = Debug|Any CPU
		Release|Any CPU = Release|Any CPU
	EndGlobalSection
	GlobalSection(ProjectConfigurationPlatforms) = postSolution
		{9008869E-814F-4749-BA33-DF139F8A8425}.Debug|Any CPU.ActiveCfg = Debug|Any CPU
		{9008869E-814F-4749-BA33-DF139F8A8425}.Debug|Any CPU.Build.0 = Debug|Any CPU
		{9008869E-814F-4749-BA33-DF139F8A8425}.Release|Any CPU.ActiveCfg = Release|Any CPU
		{9008869E-814F-4749-BA33-DF139F8A8425}.Release|Any CPU.Build.0 = Release|Any CPU
	EndGlobalSection
	GlobalSection(SolutionProperties) = preSolution
		HideSolutionNode = FALSE
	EndGlobalSection
	GlobalSection(ExtensibilityGlobals) = postSolution
		SolutionGuid = {653A40E6-CB58-4309-9DFB-734B8133E6E2}
	EndGlobalSection
EndGlobal
